
Microsoft Visual Studio Solution File, Format Version 12.00
# Visual Studio Version 17
VisualStudioVersion = 17.5.002.0
MinimumVisualStudioVersion = 10.0.40219.1
Project("{9A19103F-16F7-4668-BE54-9A1E7A4F7556}") = "BinarySearch.Tests", "BinarySearch.Tests\BinarySearch.Tests.csproj", "{4D4FAAB5-AE72-4A99-A9AB-5A9E0426AF0B}"
EndProject
Project("{9A19103F-16F7-4668-BE54-9A1E7A4F7556}") = "BinarySearch", "BinarySearch\BinarySearch.csproj", "{3A676BC5-1CAC-4181-9229-F4B5874B9E23}"
EndProject
Global
	GlobalSection(SolutionConfigurationPlatforms) = preSolution
		Debug|Any CPU = Debug|Any CPU
		Release|Any CPU = Release|Any CPU
	EndGlobalSection
	GlobalSection(ProjectConfigurationPlatforms) = postSolution
		{4D4FAAB5-AE72-4A99-A9AB-5A9E0426AF0B}.Debug|Any CPU.ActiveCfg = Debug|Any CPU
		{4D4FAAB5-AE72-4A99-A9AB-5A9E0426AF0B}.Debug|Any CPU.Build.0 = Debug|Any CPU
		{4D4FAAB5-AE72-4A99-A9AB-5A9E0426AF0B}.Release|Any CPU.ActiveCfg = Release|Any CPU
		{4D4FAAB5-AE72-4A99-A9AB-5A9E0426AF0B}.Release|Any CPU.Build.0 = Release|Any CPU
		{3A676BC5-1CAC-4181-9229-F4B5874B9E23}.Debug|Any CPU.ActiveCfg = Debug|Any CPU
		{3A676BC5-1CAC-4181-9229-F4B5874B9E23}.Debug|Any CPU.Build.0 = Debug|Any CPU
		{3A676BC5-1CAC-4181-9229-F4B5874B9E23}.Release|Any CPU.ActiveCfg = Release|Any CPU
		{3A676BC5-1CAC-4181-9229-F4B5874B9E23}.Release|Any CPU.Build.0 = Release|Any CPU
	EndGlobalSection
	GlobalSection(SolutionProperties) = preSolution
		HideSolutionNode = FALSE
	EndGlobalSection
	GlobalSection(ExtensibilityGlobals) = postSolution
		SolutionGuid = {FD7F0B05-5C28-4247-AC3A-27866E3EE0DF}
	EndGlobalSection
EndGlobal
