
Microsoft Visual Studio Solution File, Format Version 12.00
# Visual Studio Version 17
VisualStudioVersion = 17.5.002.0
MinimumVisualStudioVersion = 10.0.40219.1
Project("{2150E333-8FDC-42A3-9474-1A3956D46DE8}") = "one_dimensional_fenwick_tree", "one_dimensional_fenwick_tree", "{5DA6F543-A7ED-4E07-BD99-73161C06BCB9}"
EndProject
Project("{2150E333-8FDC-42A3-9474-1A3956D46DE8}") = "c_sharp", "c_sharp", "{7FDEB053-B4A7-4F20-BFF0-EB3E8EC3F5B8}"
EndProject
Project("{9A19103F-16F7-4668-BE54-9A1E7A4F7556}") = "OneDimensionalFenwickTree.Tests", "one_dimensional_fenwick_tree\c_sharp\OneDimensionalFenwickTree.Tests\OneDimensionalFenwickTree.Tests.csproj", "{49963782-0331-4188-8B34-C809A4F972FF}"
EndProject
Project("{9A19103F-16F7-4668-BE54-9A1E7A4F7556}") = "OneDimensionalFenwickTree", "one_dimensional_fenwick_tree\c_sharp\OneDimensionalFenwickTree\OneDimensionalFenwickTree.csproj", "{62DCF88A-C5D1-4106-A316-F413FAA13479}"
EndProject
Global
	GlobalSection(SolutionConfigurationPlatforms) = preSolution
		Debug|Any CPU = Debug|Any CPU
		Release|Any CPU = Release|Any CPU
	EndGlobalSection
	GlobalSection(ProjectConfigurationPlatforms) = postSolution
		{49963782-0331-4188-8B34-C809A4F972FF}.Debug|Any CPU.ActiveCfg = Debug|Any CPU
		{49963782-0331-4188-8B34-C809A4F972FF}.Debug|Any CPU.Build.0 = Debug|Any CPU
		{49963782-0331-4188-8B34-C809A4F972FF}.Release|Any CPU.ActiveCfg = Release|Any CPU
		{49963782-0331-4188-8B34-C809A4F972FF}.Release|Any CPU.Build.0 = Release|Any CPU
		{62DCF88A-C5D1-4106-A316-F413FAA13479}.Debug|Any CPU.ActiveCfg = Debug|Any CPU
		{62DCF88A-C5D1-4106-A316-F413FAA13479}.Debug|Any CPU.Build.0 = Debug|Any CPU
		{62DCF88A-C5D1-4106-A316-F413FAA13479}.Release|Any CPU.ActiveCfg = Release|Any CPU
		{62DCF88A-C5D1-4106-A316-F413FAA13479}.Release|Any CPU.Build.0 = Release|Any CPU
	EndGlobalSection
	GlobalSection(SolutionProperties) = preSolution
		HideSolutionNode = FALSE
	EndGlobalSection
	GlobalSection(NestedProjects) = preSolution
		{7FDEB053-B4A7-4F20-BFF0-EB3E8EC3F5B8} = {5DA6F543-A7ED-4E07-BD99-73161C06BCB9}
		{49963782-0331-4188-8B34-C809A4F972FF} = {7FDEB053-B4A7-4F20-BFF0-EB3E8EC3F5B8}
		{62DCF88A-C5D1-4106-A316-F413FAA13479} = {7FDEB053-B4A7-4F20-BFF0-EB3E8EC3F5B8}
	EndGlobalSection
	GlobalSection(ExtensibilityGlobals) = postSolution
		SolutionGuid = {B56BC12D-06CC-47B3-9ACA-DE31F6D14D83}
	EndGlobalSection
EndGlobal
