
Microsoft Visual Studio Solution File, Format Version 12.00
# Visual Studio Version 16
VisualStudioVersion = 16.0.30114.105
MinimumVisualStudioVersion = 10.0.40219.1
Project("{FAE04EC0-301F-11D3-BF4B-00C04F79EFBC}") = "MaxSubarraySum", "MaxSubarraySum\MaxSubarraySum.csproj", "{E03FB786-B0FC-4EF2-883E-098DB6924029}"
EndProject
Project("{FAE04EC0-301F-11D3-BF4B-00C04F79EFBC}") = "MaxSubarraySum.Tests", "MaxSubarraySum.Tests\MaxSubarraySum.Tests.csproj", "{A67F9192-57F7-47BE-A4C8-4E90C9B322D4}"
EndProject
Global
	GlobalSection(SolutionConfigurationPlatforms) = preSolution
		Debug|Any CPU = Debug|Any CPU
		Release|Any CPU = Release|Any CPU
	EndGlobalSection
	GlobalSection(SolutionProperties) = preSolution
		HideSolutionNode = FALSE
	EndGlobalSection
	GlobalSection(ProjectConfigurationPlatforms) = postSolution
		{E03FB786-B0FC-4EF2-883E-098DB6924029}.Debug|Any CPU.ActiveCfg = Debug|Any CPU
		{E03FB786-B0FC-4EF2-883E-098DB6924029}.Debug|Any CPU.Build.0 = Debug|Any CPU
		{E03FB786-B0FC-4EF2-883E-098DB6924029}.Release|Any CPU.ActiveCfg = Release|Any CPU
		{E03FB786-B0FC-4EF2-883E-098DB6924029}.Release|Any CPU.Build.0 = Release|Any CPU
		{A67F9192-57F7-47BE-A4C8-4E90C9B322D4}.Debug|Any CPU.ActiveCfg = Debug|Any CPU
		{A67F9192-57F7-47BE-A4C8-4E90C9B322D4}.Debug|Any CPU.Build.0 = Debug|Any CPU
		{A67F9192-57F7-47BE-A4C8-4E90C9B322D4}.Release|Any CPU.ActiveCfg = Release|Any CPU
		{A67F9192-57F7-47BE-A4C8-4E90C9B322D4}.Release|Any CPU.Build.0 = Release|Any CPU
	EndGlobalSection
EndGlobal
